{
  "requires": true,
  "lockfileVersion": 1,
  "dependencies": {
    "spacetime": {
      "version": "6.15.1",
      "resolved": "https://registry.npmjs.org/spacetime/-/spacetime-6.15.1.tgz",
      "integrity": "sha512-0jhicWTPd7rhnfJi3idxcd0VELsODuji5dHADjeEHQ2y7ZvBzCdjThALrtMlC/wvEgnNrUbZ2m6SZ9LUnziq/Q=="
    }
  }
}
